
Microsoft Visual Studio Solution File, Format Version 12.00
# Visual Studio Version 17
VisualStudioVersion = 17.7.34024.191
MinimumVisualStudioVersion = 10.0.40219.1
Project("{FAE04EC0-301F-11D3-BF4B-00C04F79EFBC}") = "La Catapecchia", "La Catapecchia\La Catapecchia.csproj", "{2FA45A3A-C3E1-447D-AFE4-8298B798C188}"
EndProject
Global
	GlobalSection(SolutionConfigurationPlatforms) = preSolution
		Debug|Any CPU = Debug|Any CPU
		Release|Any CPU = Release|Any CPU
	EndGlobalSection
	GlobalSection(ProjectConfigurationPlatforms) = postSolution
		{2FA45A3A-C3E1-447D-AFE4-8298B798C188}.Debug|Any CPU.ActiveCfg = Debug|Any CPU
		{2FA45A3A-C3E1-447D-AFE4-8298B798C188}.Debug|Any CPU.Build.0 = Debug|Any CPU
		{2FA45A3A-C3E1-447D-AFE4-8298B798C188}.Release|Any CPU.ActiveCfg = Release|Any CPU
		{2FA45A3A-C3E1-447D-AFE4-8298B798C188}.Release|Any CPU.Build.0 = Release|Any CPU
	EndGlobalSection
	GlobalSection(SolutionProperties) = preSolution
		HideSolutionNode = FALSE
	EndGlobalSection
	GlobalSection(ExtensibilityGlobals) = postSolution
		SolutionGuid = {694426B2-F981-418F-AC61-761F222AB04E}
	EndGlobalSection
EndGlobal
